
Microsoft Visual Studio Solution File, Format Version 12.00
# Visual Studio Version 16
VisualStudioVersion = 16.0.29009.5
MinimumVisualStudioVersion = 10.0.40219.1
Project("{FAE04EC0-301F-11D3-BF4B-00C04F79EFBC}") = "Askisi_Abstract_Interfaces_Proionta", "Askisi_Abstract_Interfaces_Proionta\Askisi_Abstract_Interfaces_Proionta.csproj", "{A01B6CC2-E5E7-4C2A-9078-A26F2832306A}"
EndProject
Global
	GlobalSection(SolutionConfigurationPlatforms) = preSolution
		Debug|Any CPU = Debug|Any CPU
		Release|Any CPU = Release|Any CPU
	EndGlobalSection
	GlobalSection(ProjectConfigurationPlatforms) = postSolution
		{A01B6CC2-E5E7-4C2A-9078-A26F2832306A}.Debug|Any CPU.ActiveCfg = Debug|Any CPU
		{A01B6CC2-E5E7-4C2A-9078-A26F2832306A}.Debug|Any CPU.Build.0 = Debug|Any CPU
		{A01B6CC2-E5E7-4C2A-9078-A26F2832306A}.Release|Any CPU.ActiveCfg = Release|Any CPU
		{A01B6CC2-E5E7-4C2A-9078-A26F2832306A}.Release|Any CPU.Build.0 = Release|Any CPU
	EndGlobalSection
	GlobalSection(SolutionProperties) = preSolution
		HideSolutionNode = FALSE
	EndGlobalSection
	GlobalSection(ExtensibilityGlobals) = postSolution
		SolutionGuid = {B3AAAB70-E837-4372-9C0F-286B5D4BB6CB}
	EndGlobalSection
EndGlobal
